# Generated by buf. DO NOT EDIT.
version: v1
deps:
  - remote: buf.build
    owner: erdaniels
    repository: gostream
    branch: main
    commit: 99544b68ab15405ab7eef404997d9cf4
  - remote: buf.build
    owner: googleapis
    repository: googleapis
    branch: main
    commit: a821d6d6abbe4b439907ff7970459941
  - remote: buf.build
    owner: viamrobotics
    repository: goutils
    branch: main
    commit: bd28f6ae650a45ccb1c4476e628f9300
  - remote: buf.build
    owner: viamrobotics
    repository: rdk
    branch: main
    commit: 10d00034f9dc4688b9b398f67e63b832
